
Microsoft Visual Studio Solution File, Format Version 12.00
# Visual Studio Version 17
VisualStudioVersion = 17.13.35806.99 d17.13
MinimumVisualStudioVersion = 10.0.40219.1
Project("{FAE04EC0-301F-11D3-BF4B-00C04F79EFBC}") = "Voided.Authentication", "Voided.Authentication\Voided.Authentication.csproj", "{A81A7690-BD78-46F0-B2E0-3110788A7935}"
EndProject
Project("{FAE04EC0-301F-11D3-BF4B-00C04F79EFBC}") = "Voided.Authentication.Example", "Voided.Authentication.Example\Voided.Authentication.Example.csproj", "{644BCB4A-D259-47DB-AC2A-68601E09DF74}"
EndProject
Global
	GlobalSection(SolutionConfigurationPlatforms) = preSolution
		Debug|Any CPU = Debug|Any CPU
		Release|Any CPU = Release|Any CPU
	EndGlobalSection
	GlobalSection(ProjectConfigurationPlatforms) = postSolution
		{A81A7690-BD78-46F0-B2E0-3110788A7935}.Debug|Any CPU.ActiveCfg = Debug|Any CPU
		{A81A7690-BD78-46F0-B2E0-3110788A7935}.Debug|Any CPU.Build.0 = Debug|Any CPU
		{A81A7690-BD78-46F0-B2E0-3110788A7935}.Release|Any CPU.ActiveCfg = Release|Any CPU
		{A81A7690-BD78-46F0-B2E0-3110788A7935}.Release|Any CPU.Build.0 = Release|Any CPU
		{644BCB4A-D259-47DB-AC2A-68601E09DF74}.Debug|Any CPU.ActiveCfg = Debug|Any CPU
		{644BCB4A-D259-47DB-AC2A-68601E09DF74}.Debug|Any CPU.Build.0 = Debug|Any CPU
		{644BCB4A-D259-47DB-AC2A-68601E09DF74}.Release|Any CPU.ActiveCfg = Release|Any CPU
		{644BCB4A-D259-47DB-AC2A-68601E09DF74}.Release|Any CPU.Build.0 = Release|Any CPU
	EndGlobalSection
	GlobalSection(SolutionProperties) = preSolution
		HideSolutionNode = FALSE
	EndGlobalSection
	GlobalSection(ExtensibilityGlobals) = postSolution
		SolutionGuid = {56EC896E-69ED-49B9-9FA2-34A4A15EAADE}
	EndGlobalSection
EndGlobal
